# This file is autogenerated, do not edit; changes may be undone by the next 'dep ensure'.


[[projects]]
  digest = "1:677e79698319e9718eb5fa13d55f0fd125f57b121db489ed8375f2e476cba4f4"
  name = "github.com/getsentry/sentry-go"
  packages = ["."]
  pruneopts = "UT"
  revision = "6e30a9909361d339adf28d4211947ef408cf7726"
  version = "v0.3.0"

[[projects]]
  branch = "master"
  digest = "1:5eab0fcfd59da616531607af9526491b9e3ae53f4fe9fd9dc219e16e05cdf195"
  name = "github.com/olebedev/config"
  packages = ["."]
  pruneopts = "UT"
  revision = "364964f3a8e4646b0e2d37b12900e332dfded7c1"

[[projects]]
  digest = "1:cf31692c14422fa27c83a05292eb5cbe0fb2775972e8f1f8446a71549bd8980b"
  name = "github.com/pkg/errors"
  packages = ["."]
  pruneopts = "UT"
  revision = "ba968bfe8b2f7e042a574c888954fccecfa385b4"
  version = "v0.8.1"

[[projects]]
  digest = "1:9169e569b3e6517da7de4476059f8fa889d508007e53fa5fc6a2ea4ffc5ae199"
  name = "gopkg.in/confluentinc/confluent-kafka-go.v1"
  packages = ["kafka"]
  pruneopts = "UT"
  revision = "48acc03b9ddd85b5c8c268b480d5a9a3d523b9ad"
  version = "v1.1.0"

[[projects]]
  digest = "1:4d2e5a73dc1500038e504a8d78b986630e3626dc027bc030ba5c75da257cdb96"
  name = "gopkg.in/yaml.v2"
  packages = ["."]
  pruneopts = "UT"
  revision = "51d6538a90f86fe93ac480b35f37b2be17fef232"
  version = "v2.2.2"

[solve-meta]
  analyzer-name = "dep"
  analyzer-version = 1
  input-imports = [
    "github.com/getsentry/sentry-go",
    "github.com/olebedev/config",
    "github.com/pkg/errors",
    "gopkg.in/confluentinc/confluent-kafka-go.v1/kafka",
  ]
  solver-name = "gps-cdcl"
  solver-version = 1
